// !$*UTF8*$!
{
	archiveVersion = 1;
	classes = {
	};
	objectVersion = 55;
	objects = {

/* Begin PBXBuildFile section */
		C651E9B6286D12FA00DA7885 /* AppDelegate.swift in Sources */ = {isa = PBXBuildFile; fileRef = C651E9B5286D12FA00DA7885 /* AppDelegate.swift */; };
		C651E9BA286D12FA00DA7885 /* FriendDetailsViewController.swift in Sources */ = {isa = PBXBuildFile; fileRef = C651E9B9286D12FA00DA7885 /* FriendDetailsViewController.swift */; };
		C651E9BF286D12FC00DA7885 /* Assets.xcassets in Resources */ = {isa = PBXBuildFile; fileRef = C651E9BE286D12FC00DA7885 /* Assets.xcassets */; };
		C651E9C2286D12FC00DA7885 /* LaunchScreen.storyboard in Resources */ = {isa = PBXBuildFile; fileRef = C651E9C0286D12FC00DA7885 /* LaunchScreen.storyboard */; };
		C651E9CD286D12FC00DA7885 /* MonivideTests.swift in Sources */ = {isa = PBXBuildFile; fileRef = C651E9CC286D12FC00DA7885 /* MonivideTests.swift */; };
		C651E9D7286D12FC00DA7885 /* MonivideUITests.swift in Sources */ = {isa = PBXBuildFile; fileRef = C651E9D6286D12FC00DA7885 /* MonivideUITests.swift */; };
		C651E9D9286D12FC00DA7885 /* MonivideUITestsLaunchTests.swift in Sources */ = {isa = PBXBuildFile; fileRef = C651E9D8286D12FC00DA7885 /* MonivideUITestsLaunchTests.swift */; };
		C651E9E6286D16FF00DA7885 /* DateService.swift in Sources */ = {isa = PBXBuildFile; fileRef = C651E9E5286D16FF00DA7885 /* DateService.swift */; };
		C651E9E8286F9F4700DA7885 /* Array+Ext.swift in Sources */ = {isa = PBXBuildFile; fileRef = C651E9E7286F9F4700DA7885 /* Array+Ext.swift */; };
		C651E9ED286FA24300DA7885 /* UserDataAccess.swift in Sources */ = {isa = PBXBuildFile; fileRef = C651E9EC286FA24300DA7885 /* UserDataAccess.swift */; };
		C651E9EF286FA25F00DA7885 /* MoneyDataAccess.swift in Sources */ = {isa = PBXBuildFile; fileRef = C651E9EE286FA25F00DA7885 /* MoneyDataAccess.swift */; };
		C651E9F2286FA27700DA7885 /* MoneyService.swift in Sources */ = {isa = PBXBuildFile; fileRef = C651E9F1286FA27700DA7885 /* MoneyService.swift */; };
		C651E9F4286FA29200DA7885 /* Entity.swift in Sources */ = {isa = PBXBuildFile; fileRef = C651E9F3286FA29200DA7885 /* Entity.swift */; };
		C651E9FC286FA35000DA7885 /* FriendDetailsViewModel.swift in Sources */ = {isa = PBXBuildFile; fileRef = C651E9FB286FA35000DA7885 /* FriendDetailsViewModel.swift */; };
		C651E9FE286FA36C00DA7885 /* Date+Ext.swift in Sources */ = {isa = PBXBuildFile; fileRef = C651E9FD286FA36C00DA7885 /* Date+Ext.swift */; };
		C651EA01286FA38C00DA7885 /* AddExpenseViewController.swift in Sources */ = {isa = PBXBuildFile; fileRef = C651EA00286FA38C00DA7885 /* AddExpenseViewController.swift */; };
		C651EA03286FA3EB00DA7885 /* ExpenseCell.swift in Sources */ = {isa = PBXBuildFile; fileRef = C651EA02286FA3EB00DA7885 /* ExpenseCell.swift */; };
		C651EA0A286FABE500DA7885 /* OrderedCollections in Frameworks */ = {isa = PBXBuildFile; productRef = C651EA09286FABE500DA7885 /* OrderedCollections */; };
		C651EA0C286FB7FE00DA7885 /* Model.swift in Sources */ = {isa = PBXBuildFile; fileRef = C651EA0B286FB7FE00DA7885 /* Model.swift */; };
		C651EA0E286FBBB900DA7885 /* String+Ext.swift in Sources */ = {isa = PBXBuildFile; fileRef = C651EA0D286FBBB900DA7885 /* String+Ext.swift */; };
/* End PBXBuildFile section */

/* Begin PBXContainerItemProxy section */
		C651E9C9286D12FC00DA7885 /* PBXContainerItemProxy */ = {
			isa = PBXContainerItemProxy;
			containerPortal = C651E9AA286D12FA00DA7885 /* Project object */;
			proxyType = 1;
			remoteGlobalIDString = C651E9B1286D12FA00DA7885;
			remoteInfo = Monivide;
		};
		C651E9D3286D12FC00DA7885 /* PBXContainerItemProxy */ = {
			isa = PBXContainerItemProxy;
			containerPortal = C651E9AA286D12FA00DA7885 /* Project object */;
			proxyType = 1;
			remoteGlobalIDString = C651E9B1286D12FA00DA7885;
			remoteInfo = Monivide;
		};
/* End PBXContainerItemProxy section */

/* Begin PBXFileReference section */
		C651E9B2286D12FA00DA7885 /* Monivide.app */ = {isa = PBXFileReference; explicitFileType = wrapper.application; includeInIndex = 0; path = Monivide.app; sourceTree = BUILT_PRODUCTS_DIR; };
		C651E9B5286D12FA00DA7885 /* AppDelegate.swift */ = {isa = PBXFileReference; lastKnownFileType = sourcecode.swift; path = AppDelegate.swift; sourceTree = "<group>"; };
		C651E9B9286D12FA00DA7885 /* FriendDetailsViewController.swift */ = {isa = PBXFileReference; lastKnownFileType = sourcecode.swift; path = FriendDetailsViewController.swift; sourceTree = "<group>"; };
		C651E9BE286D12FC00DA7885 /* Assets.xcassets */ = {isa = PBXFileReference; lastKnownFileType = folder.assetcatalog; path = Assets.xcassets; sourceTree = "<group>"; };
		C651E9C1286D12FC00DA7885 /* Base */ = {isa = PBXFileReference; lastKnownFileType = file.storyboard; name = Base; path = Base.lproj/LaunchScreen.storyboard; sourceTree = "<group>"; };
		C651E9C3286D12FC00DA7885 /* Info.plist */ = {isa = PBXFileReference; lastKnownFileType = text.plist.xml; path = Info.plist; sourceTree = "<group>"; };
		C651E9C8286D12FC00DA7885 /* MonivideTests.xctest */ = {isa = PBXFileReference; explicitFileType = wrapper.cfbundle; includeInIndex = 0; path = MonivideTests.xctest; sourceTree = BUILT_PRODUCTS_DIR; };
		C651E9CC286D12FC00DA7885 /* MonivideTests.swift */ = {isa = PBXFileReference; lastKnownFileType = sourcecode.swift; path = MonivideTests.swift; sourceTree = "<group>"; };
		C651E9D2286D12FC00DA7885 /* MonivideUITests.xctest */ = {isa = PBXFileReference; explicitFileType = wrapper.cfbundle; includeInIndex = 0; path = MonivideUITests.xctest; sourceTree = BUILT_PRODUCTS_DIR; };
		C651E9D6286D12FC00DA7885 /* MonivideUITests.swift */ = {isa = PBXFileReference; lastKnownFileType = sourcecode.swift; path = MonivideUITests.swift; sourceTree = "<group>"; };
		C651E9D8286D12FC00DA7885 /* MonivideUITestsLaunchTests.swift */ = {isa = PBXFileReference; lastKnownFileType = sourcecode.swift; path = MonivideUITestsLaunchTests.swift; sourceTree = "<group>"; };
		C651E9E5286D16FF00DA7885 /* DateService.swift */ = {isa = PBXFileReference; lastKnownFileType = sourcecode.swift; path = DateService.swift; sourceTree = "<group>"; };
		C651E9E7286F9F4700DA7885 /* Array+Ext.swift */ = {isa = PBXFileReference; lastKnownFileType = sourcecode.swift; path = "Array+Ext.swift"; sourceTree = "<group>"; };
		C651E9EC286FA24300DA7885 /* UserDataAccess.swift */ = {isa = PBXFileReference; lastKnownFileType = sourcecode.swift; path = UserDataAccess.swift; sourceTree = "<group>"; };
		C651E9EE286FA25F00DA7885 /* MoneyDataAccess.swift */ = {isa = PBXFileReference; lastKnownFileType = sourcecode.swift; path = MoneyDataAccess.swift; sourceTree = "<group>"; };
		C651E9F1286FA27700DA7885 /* MoneyService.swift */ = {isa = PBXFileReference; lastKnownFileType = sourcecode.swift; path = MoneyService.swift; sourceTree = "<group>"; };
		C651E9F3286FA29200DA7885 /* Entity.swift */ = {isa = PBXFileReference; lastKnownFileType = sourcecode.swift; path = Entity.swift; sourceTree = "<group>"; };
		C651E9FB286FA35000DA7885 /* FriendDetailsViewModel.swift */ = {isa = PBXFileReference; lastKnownFileType = sourcecode.swift; path = FriendDetailsViewModel.swift; sourceTree = "<group>"; };
		C651E9FD286FA36C00DA7885 /* Date+Ext.swift */ = {isa = PBXFileReference; lastKnownFileType = sourcecode.swift; path = "Date+Ext.swift"; sourceTree = "<group>"; };
		C651EA00286FA38C00DA7885 /* AddExpenseViewController.swift */ = {isa = PBXFileReference; lastKnownFileType = sourcecode.swift; path = AddExpenseViewController.swift; sourceTree = "<group>"; };
		C651EA02286FA3EB00DA7885 /* ExpenseCell.swift */ = {isa = PBXFileReference; lastKnownFileType = sourcecode.swift; path = ExpenseCell.swift; sourceTree = "<group>"; };
		C651EA0B286FB7FE00DA7885 /* Model.swift */ = {isa = PBXFileReference; lastKnownFileType = sourcecode.swift; path = Model.swift; sourceTree = "<group>"; };
		C651EA0D286FBBB900DA7885 /* String+Ext.swift */ = {isa = PBXFileReference; lastKnownFileType = sourcecode.swift; path = "String+Ext.swift"; sourceTree = "<group>"; };
/* End PBXFileReference section */

/* Begin PBXFrameworksBuildPhase section */
		C651E9AF286D12FA00DA7885 /* Frameworks */ = {
			isa = PBXFrameworksBuildPhase;
			buildActionMask = 2147483647;
			files = (
				C651EA0A286FABE500DA7885 /* OrderedCollections in Frameworks */,
			);
			runOnlyForDeploymentPostprocessing = 0;
		};
		C651E9C5286D12FC00DA7885 /* Frameworks */ = {
			isa = PBXFrameworksBuildPhase;
			buildActionMask = 2147483647;
			files = (
			);
			runOnlyForDeploymentPostprocessing = 0;
		};
		C651E9CF286D12FC00DA7885 /* Frameworks */ = {
			isa = PBXFrameworksBuildPhase;
			buildActionMask = 2147483647;
			files = (
			);
			runOnlyForDeploymentPostprocessing = 0;
		};
/* End PBXFrameworksBuildPhase section */

/* Begin PBXGroup section */
		C651E9A9286D12FA00DA7885 = {
			isa = PBXGroup;
			children = (
				C651E9B4286D12FA00DA7885 /* Monivide */,
				C651E9CB286D12FC00DA7885 /* MonivideTests */,
				C651E9D5286D12FC00DA7885 /* MonivideUITests */,
				C651E9B3286D12FA00DA7885 /* Products */,
			);
			sourceTree = "<group>";
		};
		C651E9B3286D12FA00DA7885 /* Products */ = {
			isa = PBXGroup;
			children = (
				C651E9B2286D12FA00DA7885 /* Monivide.app */,
				C651E9C8286D12FC00DA7885 /* MonivideTests.xctest */,
				C651E9D2286D12FC00DA7885 /* MonivideUITests.xctest */,
			);
			name = Products;
			sourceTree = "<group>";
		};
		C651E9B4286D12FA00DA7885 /* Monivide */ = {
			isa = PBXGroup;
			children = (
				C651E9F7286FA2B200DA7885 /* Utils */,
				C651E9F6286FA2A400DA7885 /* Extension */,
				C651E9F5286FA29E00DA7885 /* Presentation */,
				C651E9F0286FA26A00DA7885 /* Domain */,
				C651E9EB286FA23400DA7885 /* Data */,
				C651E9F9286FA2DE00DA7885 /* Files */,
			);
			path = Monivide;
			sourceTree = "<group>";
		};
		C651E9CB286D12FC00DA7885 /* MonivideTests */ = {
			isa = PBXGroup;
			children = (
				C651E9CC286D12FC00DA7885 /* MonivideTests.swift */,
			);
			path = MonivideTests;
			sourceTree = "<group>";
		};
		C651E9D5286D12FC00DA7885 /* MonivideUITests */ = {
			isa = PBXGroup;
			children = (
				C651E9D6286D12FC00DA7885 /* MonivideUITests.swift */,
				C651E9D8286D12FC00DA7885 /* MonivideUITestsLaunchTests.swift */,
			);
			path = MonivideUITests;
			sourceTree = "<group>";
		};
		C651E9EB286FA23400DA7885 /* Data */ = {
			isa = PBXGroup;
			children = (
				C651E9F3286FA29200DA7885 /* Entity.swift */,
				C651E9EC286FA24300DA7885 /* UserDataAccess.swift */,
				C651E9EE286FA25F00DA7885 /* MoneyDataAccess.swift */,
			);
			path = Data;
			sourceTree = "<group>";
		};
		C651E9F0286FA26A00DA7885 /* Domain */ = {
			isa = PBXGroup;
			children = (
				C651E9F1286FA27700DA7885 /* MoneyService.swift */,
				C651EA0B286FB7FE00DA7885 /* Model.swift */,
			);
			path = Domain;
			sourceTree = "<group>";
		};
		C651E9F5286FA29E00DA7885 /* Presentation */ = {
			isa = PBXGroup;
			children = (
				C651EA04286FA3EE00DA7885 /* CustomCell */,
				C651E9FF286FA38200DA7885 /* AddExpense */,
				C651E9FA286FA31900DA7885 /* FriendDetails */,
			);
			path = Presentation;
			sourceTree = "<group>";
		};
		C651E9F6286FA2A400DA7885 /* Extension */ = {
			isa = PBXGroup;
			children = (
				C651E9E7286F9F4700DA7885 /* Array+Ext.swift */,
				C651E9FD286FA36C00DA7885 /* Date+Ext.swift */,
				C651EA0D286FBBB900DA7885 /* String+Ext.swift */,
			);
			path = Extension;
			sourceTree = "<group>";
		};
		C651E9F7286FA2B200DA7885 /* Utils */ = {
			isa = PBXGroup;
			children = (
				C651E9E5286D16FF00DA7885 /* DateService.swift */,
			);
			path = Utils;
			sourceTree = "<group>";
		};
		C651E9F9286FA2DE00DA7885 /* Files */ = {
			isa = PBXGroup;
			children = (
				C651E9B5286D12FA00DA7885 /* AppDelegate.swift */,
				C651E9BE286D12FC00DA7885 /* Assets.xcassets */,
				C651E9C0286D12FC00DA7885 /* LaunchScreen.storyboard */,
				C651E9C3286D12FC00DA7885 /* Info.plist */,
			);
			path = Files;
			sourceTree = "<group>";
		};
		C651E9FA286FA31900DA7885 /* FriendDetails */ = {
			isa = PBXGroup;
			children = (
				C651E9B9286D12FA00DA7885 /* FriendDetailsViewController.swift */,
				C651E9FB286FA35000DA7885 /* FriendDetailsViewModel.swift */,
			);
			path = FriendDetails;
			sourceTree = "<group>";
		};
		C651E9FF286FA38200DA7885 /* AddExpense */ = {
			isa = PBXGroup;
			children = (
				C651EA00286FA38C00DA7885 /* AddExpenseViewController.swift */,
			);
			path = AddExpense;
			sourceTree = "<group>";
		};
		C651EA04286FA3EE00DA7885 /* CustomCell */ = {
			isa = PBXGroup;
			children = (
				C651EA02286FA3EB00DA7885 /* ExpenseCell.swift */,
			);
			path = CustomCell;
			sourceTree = "<group>";
		};
/* End PBXGroup section */

/* Begin PBXNativeTarget section */
		C651E9B1286D12FA00DA7885 /* Monivide */ = {
			isa = PBXNativeTarget;
			buildConfigurationList = C651E9DC286D12FC00DA7885 /* Build configuration list for PBXNativeTarget "Monivide" */;
			buildPhases = (
				C651E9AE286D12FA00DA7885 /* Sources */,
				C651E9AF286D12FA00DA7885 /* Frameworks */,
				C651E9B0286D12FA00DA7885 /* Resources */,
			);
			buildRules = (
			);
			dependencies = (
			);
			name = Monivide;
			packageProductDependencies = (
				C651EA09286FABE500DA7885 /* OrderedCollections */,
			);
			productName = Monivide;
			productReference = C651E9B2286D12FA00DA7885 /* Monivide.app */;
			productType = "com.apple.product-type.application";
		};
		C651E9C7286D12FC00DA7885 /* MonivideTests */ = {
			isa = PBXNativeTarget;
			buildConfigurationList = C651E9DF286D12FC00DA7885 /* Build configuration list for PBXNativeTarget "MonivideTests" */;
			buildPhases = (
				C651E9C4286D12FC00DA7885 /* Sources */,
				C651E9C5286D12FC00DA7885 /* Frameworks */,
				C651E9C6286D12FC00DA7885 /* Resources */,
			);
			buildRules = (
			);
			dependencies = (
				C651E9CA286D12FC00DA7885 /* PBXTargetDependency */,
			);
			name = MonivideTests;
			productName = MonivideTests;
			productReference = C651E9C8286D12FC00DA7885 /* MonivideTests.xctest */;
			productType = "com.apple.product-type.bundle.unit-test";
		};
		C651E9D1286D12FC00DA7885 /* MonivideUITests */ = {
			isa = PBXNativeTarget;
			buildConfigurationList = C651E9E2286D12FC00DA7885 /* Build configuration list for PBXNativeTarget "MonivideUITests" */;
			buildPhases = (
				C651E9CE286D12FC00DA7885 /* Sources */,
				C651E9CF286D12FC00DA7885 /* Frameworks */,
				C651E9D0286D12FC00DA7885 /* Resources */,
			);
			buildRules = (
			);
			dependencies = (
				C651E9D4286D12FC00DA7885 /* PBXTargetDependency */,
			);
			name = MonivideUITests;
			productName = MonivideUITests;
			productReference = C651E9D2286D12FC00DA7885 /* MonivideUITests.xctest */;
			productType = "com.apple.product-type.bundle.ui-testing";
		};
/* End PBXNativeTarget section */

/* Begin PBXProject section */
		C651E9AA286D12FA00DA7885 /* Project object */ = {
			isa = PBXProject;
			attributes = {
				BuildIndependentTargetsInParallel = 1;
				LastSwiftUpdateCheck = 1320;
				LastUpgradeCheck = 1320;
				TargetAttributes = {
					C651E9B1286D12FA00DA7885 = {
						CreatedOnToolsVersion = 13.2;
					};
					C651E9C7286D12FC00DA7885 = {
						CreatedOnToolsVersion = 13.2;
						TestTargetID = C651E9B1286D12FA00DA7885;
					};
					C651E9D1286D12FC00DA7885 = {
						CreatedOnToolsVersion = 13.2;
						TestTargetID = C651E9B1286D12FA00DA7885;
					};
				};
			};
			buildConfigurationList = C651E9AD286D12FA00DA7885 /* Build configuration list for PBXProject "Monivide" */;
			compatibilityVersion = "Xcode 13.0";
			developmentRegion = en;
			hasScannedForEncodings = 0;
			knownRegions = (
				en,
				Base,
			);
			mainGroup = C651E9A9286D12FA00DA7885;
			packageReferences = (
				C651EA08286FABE500DA7885 /* XCRemoteSwiftPackageReference "swift-collections" */,
			);
			productRefGroup = C651E9B3286D12FA00DA7885 /* Products */;
			projectDirPath = "";
			projectRoot = "";
			targets = (
				C651E9B1286D12FA00DA7885 /* Monivide */,
				C651E9C7286D12FC00DA7885 /* MonivideTests */,
				C651E9D1286D12FC00DA7885 /* MonivideUITests */,
			);
		};
/* End PBXProject section */

/* Begin PBXResourcesBuildPhase section */
		C651E9B0286D12FA00DA7885 /* Resources */ = {
			isa = PBXResourcesBuildPhase;
			buildActionMask = 2147483647;
			files = (
				C651E9C2286D12FC00DA7885 /* LaunchScreen.storyboard in Resources */,
				C651E9BF286D12FC00DA7885 /* Assets.xcassets in Resources */,
			);
			runOnlyForDeploymentPostprocessing = 0;
		};
		C651E9C6286D12FC00DA7885 /* Resources */ = {
			isa = PBXResourcesBuildPhase;
			buildActionMask = 2147483647;
			files = (
			);
			runOnlyForDeploymentPostprocessing = 0;
		};
		C651E9D0286D12FC00DA7885 /* Resources */ = {
			isa = PBXResourcesBuildPhase;
			buildActionMask = 2147483647;
			files = (
			);
			runOnlyForDeploymentPostprocessing = 0;
		};
/* End PBXResourcesBuildPhase section */

/* Begin PBXSourcesBuildPhase section */
		C651E9AE286D12FA00DA7885 /* Sources */ = {
			isa = PBXSourcesBuildPhase;
			buildActionMask = 2147483647;
			files = (
				C651E9BA286D12FA00DA7885 /* FriendDetailsViewController.swift in Sources */,
				C651E9ED286FA24300DA7885 /* UserDataAccess.swift in Sources */,
				C651E9E8286F9F4700DA7885 /* Array+Ext.swift in Sources */,
				C651E9B6286D12FA00DA7885 /* AppDelegate.swift in Sources */,
				C651EA03286FA3EB00DA7885 /* ExpenseCell.swift in Sources */,
				C651E9FC286FA35000DA7885 /* FriendDetailsViewModel.swift in Sources */,
				C651EA0C286FB7FE00DA7885 /* Model.swift in Sources */,
				C651E9F4286FA29200DA7885 /* Entity.swift in Sources */,
				C651EA0E286FBBB900DA7885 /* String+Ext.swift in Sources */,
				C651E9E6286D16FF00DA7885 /* DateService.swift in Sources */,
				C651E9F2286FA27700DA7885 /* MoneyService.swift in Sources */,
				C651E9EF286FA25F00DA7885 /* MoneyDataAccess.swift in Sources */,
				C651EA01286FA38C00DA7885 /* AddExpenseViewController.swift in Sources */,
				C651E9FE286FA36C00DA7885 /* Date+Ext.swift in Sources */,
			);
			runOnlyForDeploymentPostprocessing = 0;
		};
		C651E9C4286D12FC00DA7885 /* Sources */ = {
			isa = PBXSourcesBuildPhase;
			buildActionMask = 2147483647;
			files = (
				C651E9CD286D12FC00DA7885 /* MonivideTests.swift in Sources */,
			);
			runOnlyForDeploymentPostprocessing = 0;
		};
		C651E9CE286D12FC00DA7885 /* Sources */ = {
			isa = PBXSourcesBuildPhase;
			buildActionMask = 2147483647;
			files = (
				C651E9D9286D12FC00DA7885 /* MonivideUITestsLaunchTests.swift in Sources */,
				C651E9D7286D12FC00DA7885 /* MonivideUITests.swift in Sources */,
			);
			runOnlyForDeploymentPostprocessing = 0;
		};
/* End PBXSourcesBuildPhase section */

/* Begin PBXTargetDependency section */
		C651E9CA286D12FC00DA7885 /* PBXTargetDependency */ = {
			isa = PBXTargetDependency;
			target = C651E9B1286D12FA00DA7885 /* Monivide */;
			targetProxy = C651E9C9286D12FC00DA7885 /* PBXContainerItemProxy */;
		};
		C651E9D4286D12FC00DA7885 /* PBXTargetDependency */ = {
			isa = PBXTargetDependency;
			target = C651E9B1286D12FA00DA7885 /* Monivide */;
			targetProxy = C651E9D3286D12FC00DA7885 /* PBXContainerItemProxy */;
		};
/* End PBXTargetDependency section */

/* Begin PBXVariantGroup section */
		C651E9C0286D12FC00DA7885 /* LaunchScreen.storyboard */ = {
			isa = PBXVariantGroup;
			children = (
				C651E9C1286D12FC00DA7885 /* Base */,
			);
			name = LaunchScreen.storyboard;
			sourceTree = "<group>";
		};
/* End PBXVariantGroup section */

/* Begin XCBuildConfiguration section */
		C651E9DA286D12FC00DA7885 /* Debug */ = {
			isa = XCBuildConfiguration;
			buildSettings = {
				ALWAYS_SEARCH_USER_PATHS = NO;
				CLANG_ANALYZER_NONNULL = YES;
				CLANG_ANALYZER_NUMBER_OBJECT_CONVERSION = YES_AGGRESSIVE;
				CLANG_CXX_LANGUAGE_STANDARD = "gnu++17";
				CLANG_CXX_LIBRARY = "libc++";
				CLANG_ENABLE_MODULES = YES;
				CLANG_ENABLE_OBJC_ARC = YES;
				CLANG_ENABLE_OBJC_WEAK = YES;
				CLANG_WARN_BLOCK_CAPTURE_AUTORELEASING = YES;
				CLANG_WARN_BOOL_CONVERSION = YES;
				CLANG_WARN_COMMA = YES;
				CLANG_WARN_CONSTANT_CONVERSION = YES;
				CLANG_WARN_DEPRECATED_OBJC_IMPLEMENTATIONS = YES;
				CLANG_WARN_DIRECT_OBJC_ISA_USAGE = YES_ERROR;
				CLANG_WARN_DOCUMENTATION_COMMENTS = YES;
				CLANG_WARN_EMPTY_BODY = YES;
				CLANG_WARN_ENUM_CONVERSION = YES;
				CLANG_WARN_INFINITE_RECURSION = YES;
				CLANG_WARN_INT_CONVERSION = YES;
				CLANG_WARN_NON_LITERAL_NULL_CONVERSION = YES;
				CLANG_WARN_OBJC_IMPLICIT_RETAIN_SELF = YES;
				CLANG_WARN_OBJC_LITERAL_CONVERSION = YES;
				CLANG_WARN_OBJC_ROOT_CLASS = YES_ERROR;
				CLANG_WARN_QUOTED_INCLUDE_IN_FRAMEWORK_HEADER = YES;
				CLANG_WARN_RANGE_LOOP_ANALYSIS = YES;
				CLANG_WARN_STRICT_PROTOTYPES = YES;
				CLANG_WARN_SUSPICIOUS_MOVE = YES;
				CLANG_WARN_UNGUARDED_AVAILABILITY = YES_AGGRESSIVE;
				CLANG_WARN_UNREACHABLE_CODE = YES;
				CLANG_WARN__DUPLICATE_METHOD_MATCH = YES;
				COPY_PHASE_STRIP = NO;
				DEBUG_INFORMATION_FORMAT = dwarf;
				ENABLE_STRICT_OBJC_MSGSEND = YES;
				ENABLE_TESTABILITY = YES;
				GCC_C_LANGUAGE_STANDARD = gnu11;
				GCC_DYNAMIC_NO_PIC = NO;
				GCC_NO_COMMON_BLOCKS = YES;
				GCC_OPTIMIZATION_LEVEL = 0;
				GCC_PREPROCESSOR_DEFINITIONS = (
					"DEBUG=1",
					"$(inherited)",
				);
				GCC_WARN_64_TO_32_BIT_CONVERSION = YES;
				GCC_WARN_ABOUT_RETURN_TYPE = YES_ERROR;
				GCC_WARN_UNDECLARED_SELECTOR = YES;
				GCC_WARN_UNINITIALIZED_AUTOS = YES_AGGRESSIVE;
				GCC_WARN_UNUSED_FUNCTION = YES;
				GCC_WARN_UNUSED_VARIABLE = YES;
				IPHONEOS_DEPLOYMENT_TARGET = 15.2;
				MTL_ENABLE_DEBUG_INFO = INCLUDE_SOURCE;
				MTL_FAST_MATH = YES;
				ONLY_ACTIVE_ARCH = YES;
				SDKROOT = iphoneos;
				SWIFT_ACTIVE_COMPILATION_CONDITIONS = DEBUG;
				SWIFT_OPTIMIZATION_LEVEL = "-Onone";
			};
			name = Debug;
		};
		C651E9DB286D12FC00DA7885 /* Release */ = {
			isa = XCBuildConfiguration;
			buildSettings = {
				ALWAYS_SEARCH_USER_PATHS = NO;
				CLANG_ANALYZER_NONNULL = YES;
				CLANG_ANALYZER_NUMBER_OBJECT_CONVERSION = YES_AGGRESSIVE;
				CLANG_CXX_LANGUAGE_STANDARD = "gnu++17";
				CLANG_CXX_LIBRARY = "libc++";
				CLANG_ENABLE_MODULES = YES;
				CLANG_ENABLE_OBJC_ARC = YES;
				CLANG_ENABLE_OBJC_WEAK = YES;
				CLANG_WARN_BLOCK_CAPTURE_AUTORELEASING = YES;
				CLANG_WARN_BOOL_CONVERSION = YES;
				CLANG_WARN_COMMA = YES;
				CLANG_WARN_CONSTANT_CONVERSION = YES;
				CLANG_WARN_DEPRECATED_OBJC_IMPLEMENTATIONS = YES;
				CLANG_WARN_DIRECT_OBJC_ISA_USAGE = YES_ERROR;
				CLANG_WARN_DOCUMENTATION_COMMENTS = YES;
				CLANG_WARN_EMPTY_BODY = YES;
				CLANG_WARN_ENUM_CONVERSION = YES;
				CLANG_WARN_INFINITE_RECURSION = YES;
				CLANG_WARN_INT_CONVERSION = YES;
				CLANG_WARN_NON_LITERAL_NULL_CONVERSION = YES;
				CLANG_WARN_OBJC_IMPLICIT_RETAIN_SELF = YES;
				CLANG_WARN_OBJC_LITERAL_CONVERSION = YES;
				CLANG_WARN_OBJC_ROOT_CLASS = YES_ERROR;
				CLANG_WARN_QUOTED_INCLUDE_IN_FRAMEWORK_HEADER = YES;
				CLANG_WARN_RANGE_LOOP_ANALYSIS = YES;
				CLANG_WARN_STRICT_PROTOTYPES = YES;
				CLANG_WARN_SUSPICIOUS_MOVE = YES;
				CLANG_WARN_UNGUARDED_AVAILABILITY = YES_AGGRESSIVE;
				CLANG_WARN_UNREACHABLE_CODE = YES;
				CLANG_WARN__DUPLICATE_METHOD_MATCH = YES;
				COPY_PHASE_STRIP = NO;
				DEBUG_INFORMATION_FORMAT = "dwarf-with-dsym";
				ENABLE_NS_ASSERTIONS = NO;
				ENABLE_STRICT_OBJC_MSGSEND = YES;
				GCC_C_LANGUAGE_STANDARD = gnu11;
				GCC_NO_COMMON_BLOCKS = YES;
				GCC_WARN_64_TO_32_BIT_CONVERSION = YES;
				GCC_WARN_ABOUT_RETURN_TYPE = YES_ERROR;
				GCC_WARN_UNDECLARED_SELECTOR = YES;
				GCC_WARN_UNINITIALIZED_AUTOS = YES_AGGRESSIVE;
				GCC_WARN_UNUSED_FUNCTION = YES;
				GCC_WARN_UNUSED_VARIABLE = YES;
				IPHONEOS_DEPLOYMENT_TARGET = 15.2;
				MTL_ENABLE_DEBUG_INFO = NO;
				MTL_FAST_MATH = YES;
				SDKROOT = iphoneos;
				SWIFT_COMPILATION_MODE = wholemodule;
				SWIFT_OPTIMIZATION_LEVEL = "-O";
				VALIDATE_PRODUCT = YES;
			};
			name = Release;
		};
		C651E9DD286D12FC00DA7885 /* Debug */ = {
			isa = XCBuildConfiguration;
			buildSettings = {
				ASSETCATALOG_COMPILER_APPICON_NAME = AppIcon;
				ASSETCATALOG_COMPILER_GLOBAL_ACCENT_COLOR_NAME = AccentColor;
				CODE_SIGN_STYLE = Automatic;
				CURRENT_PROJECT_VERSION = 1;
				GENERATE_INFOPLIST_FILE = YES;
				INFOPLIST_FILE = Monivide/Files/Info.plist;
				INFOPLIST_KEY_UIApplicationSupportsIndirectInputEvents = YES;
				INFOPLIST_KEY_UILaunchStoryboardName = LaunchScreen;
				INFOPLIST_KEY_UISupportedInterfaceOrientations_iPad = "UIInterfaceOrientationPortrait UIInterfaceOrientationPortraitUpsideDown UIInterfaceOrientationLandscapeLeft UIInterfaceOrientationLandscapeRight";
				INFOPLIST_KEY_UISupportedInterfaceOrientations_iPhone = "UIInterfaceOrientationPortrait UIInterfaceOrientationLandscapeLeft UIInterfaceOrientationLandscapeRight";
				LD_RUNPATH_SEARCH_PATHS = (
					"$(inherited)",
					"@executable_path/Frameworks",
				);
				MARKETING_VERSION = 1.0;
				PRODUCT_BUNDLE_IDENTIFIER = com.droidtapgames.Monivide;
				PRODUCT_NAME = "$(TARGET_NAME)";
				SWIFT_EMIT_LOC_STRINGS = YES;
				SWIFT_VERSION = 5.0;
				TARGETED_DEVICE_FAMILY = "1,2";
			};
			name = Debug;
		};
		C651E9DE286D12FC00DA7885 /* Release */ = {
			isa = XCBuildConfiguration;
			buildSettings = {
				ASSETCATALOG_COMPILER_APPICON_NAME = AppIcon;
				ASSETCATALOG_COMPILER_GLOBAL_ACCENT_COLOR_NAME = AccentColor;
				CODE_SIGN_STYLE = Automatic;
				CURRENT_PROJECT_VERSION = 1;
				GENERATE_INFOPLIST_FILE = YES;
				INFOPLIST_FILE = Monivide/Files/Info.plist;
				INFOPLIST_KEY_UIApplicationSupportsIndirectInputEvents = YES;
				INFOPLIST_KEY_UILaunchStoryboardName = LaunchScreen;
				INFOPLIST_KEY_UISupportedInterfaceOrientations_iPad = "UIInterfaceOrientationPortrait UIInterfaceOrientationPortraitUpsideDown UIInterfaceOrientationLandscapeLeft UIInterfaceOrientationLandscapeRight";
				INFOPLIST_KEY_UISupportedInterfaceOrientations_iPhone = "UIInterfaceOrientationPortrait UIInterfaceOrientationLandscapeLeft UIInterfaceOrientationLandscapeRight";
				LD_RUNPATH_SEARCH_PATHS = (
					"$(inherited)",
					"@executable_path/Frameworks",
				);
				MARKETING_VERSION = 1.0;
				PRODUCT_BUNDLE_IDENTIFIER = com.droidtapgames.Monivide;
				PRODUCT_NAME = "$(TARGET_NAME)";
				SWIFT_EMIT_LOC_STRINGS = YES;
				SWIFT_VERSION = 5.0;
				TARGETED_DEVICE_FAMILY = "1,2";
			};
			name = Release;
		};
		C651E9E0286D12FC00DA7885 /* Debug */ = {
			isa = XCBuildConfiguration;
			buildSettings = {
				ALWAYS_EMBED_SWIFT_STANDARD_LIBRARIES = YES;
				BUNDLE_LOADER = "$(TEST_HOST)";
				CODE_SIGN_STYLE = Automatic;
				CURRENT_PROJECT_VERSION = 1;
				GENERATE_INFOPLIST_FILE = YES;
				IPHONEOS_DEPLOYMENT_TARGET = 15.2;
				MARKETING_VERSION = 1.0;
				PRODUCT_BUNDLE_IDENTIFIER = com.droidtapgames.MonivideTests;
				PRODUCT_NAME = "$(TARGET_NAME)";
				SWIFT_EMIT_LOC_STRINGS = NO;
				SWIFT_VERSION = 5.0;
				TARGETED_DEVICE_FAMILY = "1,2";
				TEST_HOST = "$(BUILT_PRODUCTS_DIR)/Monivide.app/Monivide";
			};
			name = Debug;
		};
		C651E9E1286D12FC00DA7885 /* Release */ = {
			isa = XCBuildConfiguration;
			buildSettings = {
				ALWAYS_EMBED_SWIFT_STANDARD_LIBRARIES = YES;
				BUNDLE_LOADER = "$(TEST_HOST)";
				CODE_SIGN_STYLE = Automatic;
				CURRENT_PROJECT_VERSION = 1;
				GENERATE_INFOPLIST_FILE = YES;
				IPHONEOS_DEPLOYMENT_TARGET = 15.2;
				MARKETING_VERSION = 1.0;
				PRODUCT_BUNDLE_IDENTIFIER = com.droidtapgames.MonivideTests;
				PRODUCT_NAME = "$(TARGET_NAME)";
				SWIFT_EMIT_LOC_STRINGS = NO;
				SWIFT_VERSION = 5.0;
				TARGETED_DEVICE_FAMILY = "1,2";
				TEST_HOST = "$(BUILT_PRODUCTS_DIR)/Monivide.app/Monivide";
			};
			name = Release;
		};
		C651E9E3286D12FC00DA7885 /* Debug */ = {
			isa = XCBuildConfiguration;
			buildSettings = {
				ALWAYS_EMBED_SWIFT_STANDARD_LIBRARIES = YES;
				CODE_SIGN_STYLE = Automatic;
				CURRENT_PROJECT_VERSION = 1;
				GENERATE_INFOPLIST_FILE = YES;
				MARKETING_VERSION = 1.0;
				PRODUCT_BUNDLE_IDENTIFIER = com.droidtapgames.MonivideUITests;
				PRODUCT_NAME = "$(TARGET_NAME)";
				SWIFT_EMIT_LOC_STRINGS = NO;
				SWIFT_VERSION = 5.0;
				TARGETED_DEVICE_FAMILY = "1,2";
				TEST_TARGET_NAME = Monivide;
			};
			name = Debug;
		};
		C651E9E4286D12FC00DA7885 /* Release */ = {
			isa = XCBuildConfiguration;
			buildSettings = {
				ALWAYS_EMBED_SWIFT_STANDARD_LIBRARIES = YES;
				CODE_SIGN_STYLE = Automatic;
				CURRENT_PROJECT_VERSION = 1;
				GENERATE_INFOPLIST_FILE = YES;
				MARKETING_VERSION = 1.0;
				PRODUCT_BUNDLE_IDENTIFIER = com.droidtapgames.MonivideUITests;
				PRODUCT_NAME = "$(TARGET_NAME)";
				SWIFT_EMIT_LOC_STRINGS = NO;
				SWIFT_VERSION = 5.0;
				TARGETED_DEVICE_FAMILY = "1,2";
				TEST_TARGET_NAME = Monivide;
			};
			name = Release;
		};
/* End XCBuildConfiguration section */

/* Begin XCConfigurationList section */
		C651E9AD286D12FA00DA7885 /* Build configuration list for PBXProject "Monivide" */ = {
			isa = XCConfigurationList;
			buildConfigurations = (
				C651E9DA286D12FC00DA7885 /* Debug */,
				C651E9DB286D12FC00DA7885 /* Release */,
			);
			defaultConfigurationIsVisible = 0;
			defaultConfigurationName = Release;
		};
		C651E9DC286D12FC00DA7885 /* Build configuration list for PBXNativeTarget "Monivide" */ = {
			isa = XCConfigurationList;
			buildConfigurations = (
				C651E9DD286D12FC00DA7885 /* Debug */,
				C651E9DE286D12FC00DA7885 /* Release */,
			);
			defaultConfigurationIsVisible = 0;
			defaultConfigurationName = Release;
		};
		C651E9DF286D12FC00DA7885 /* Build configuration list for PBXNativeTarget "MonivideTests" */ = {
			isa = XCConfigurationList;
			buildConfigurations = (
				C651E9E0286D12FC00DA7885 /* Debug */,
				C651E9E1286D12FC00DA7885 /* Release */,
			);
			defaultConfigurationIsVisible = 0;
			defaultConfigurationName = Release;
		};
		C651E9E2286D12FC00DA7885 /* Build configuration list for PBXNativeTarget "MonivideUITests" */ = {
			isa = XCConfigurationList;
			buildConfigurations = (
				C651E9E3286D12FC00DA7885 /* Debug */,
				C651E9E4286D12FC00DA7885 /* Release */,
			);
			defaultConfigurationIsVisible = 0;
			defaultConfigurationName = Release;
		};
/* End XCConfigurationList section */

/* Begin XCRemoteSwiftPackageReference section */
		C651EA08286FABE500DA7885 /* XCRemoteSwiftPackageReference "swift-collections" */ = {
			isa = XCRemoteSwiftPackageReference;
			repositoryURL = "https://github.com/apple/swift-collections.git";
			requirement = {
				kind = upToNextMajorVersion;
				minimumVersion = 1.0.0;
			};
		};
/* End XCRemoteSwiftPackageReference section */

/* Begin XCSwiftPackageProductDependency section */
		C651EA09286FABE500DA7885 /* OrderedCollections */ = {
			isa = XCSwiftPackageProductDependency;
			package = C651EA08286FABE500DA7885 /* XCRemoteSwiftPackageReference "swift-collections" */;
			productName = OrderedCollections;
		};
/* End XCSwiftPackageProductDependency section */
	};
	rootObject = C651E9AA286D12FA00DA7885 /* Project object */;
}
